{
  "name": "pushNotification",
  "version": "2.0.0",
  "lockfileVersion": 1,
  "requires": true,
  "dependencies": {
    "expo-server-sdk": {
      "version": "3.4.0",
      "resolved": "https://registry.npmjs.org/expo-server-sdk/-/expo-server-sdk-3.4.0.tgz",
      "integrity": "sha512-Ss+XC8BpRiRZ32PglBQ88oIrUv6MXeGaZjLshZ6fDXaHaMIvTbw7euEOGFOAbwb92Ldv6tDSVKspYnU0bAjvTA==",
      "requires": {
        "node-fetch": "^2.3.0",
        "promise-limit": "^2.7.0"
      }
    },
    "node-fetch": {
      "version": "2.6.0",
      "resolved": "https://registry.npmjs.org/node-fetch/-/node-fetch-2.6.0.tgz",
      "integrity": "sha512-8dG4H5ujfvFiqDmVu9fQ5bOHUC15JMjMY/Zumv26oOvvVJjM67KF8koCWIabKQ1GJIa9r2mMZscBq/TbdOcmNA=="
    },
    "promise-limit": {
      "version": "2.7.0",
      "resolved": "https://registry.npmjs.org/promise-limit/-/promise-limit-2.7.0.tgz",
      "integrity": "sha512-7nJ6v5lnJsXwGprnGXga4wx6d1POjvi5Qmf1ivTRxTjH4Z/9Czja/UCMLVmB9N93GeWOU93XaFaEt6jbuoagNw=="
    }
  }
}
